
Microsoft Visual Studio Solution File, Format Version 12.00
# Visual Studio Version 16
VisualStudioVersion = 16.0.30907.101
MinimumVisualStudioVersion = 10.0.40219.1
Project("{FAE04EC0-301F-11D3-BF4B-00C04F79EFBC}") = "CmlLib.Core.Auth.Microsoft.UI.WinForm", "CmlLib.Core.Auth.Microsoft.UI.WinForm\CmlLib.Core.Auth.Microsoft.UI.WinForm.csproj", "{A7AF65E5-BC6F-49DE-B32B-707199B03089}"
EndProject
Project("{FAE04EC0-301F-11D3-BF4B-00C04F79EFBC}") = "CmlLib.Core.Auth.Microsoft.UI.Wpf", "CmlLib.Core.Auth.Microsoft.UI.Wpf\CmlLib.Core.Auth.Microsoft.UI.Wpf.csproj", "{FAD8E33F-E392-4CDC-9F8E-CBA60BB51120}"
EndProject
Project("{FAE04EC0-301F-11D3-BF4B-00C04F79EFBC}") = "WpfTest", "WpfTest\WpfTest.csproj", "{BE91328A-4B44-4C56-AB07-5B0D4A4F05E7}"
	ProjectSection(ProjectDependencies) = postProject
		{FAD8E33F-E392-4CDC-9F8E-CBA60BB51120} = {FAD8E33F-E392-4CDC-9F8E-CBA60BB51120}
	EndProjectSection
EndProject
Project("{FAE04EC0-301F-11D3-BF4B-00C04F79EFBC}") = "WinFormTest", "WinFormTest\WinFormTest.csproj", "{8979F5B0-F6B5-4B6C-8DE7-1E915FD12B46}"
	ProjectSection(ProjectDependencies) = postProject
		{A7AF65E5-BC6F-49DE-B32B-707199B03089} = {A7AF65E5-BC6F-49DE-B32B-707199B03089}
	EndProjectSection
EndProject
Project("{9A19103F-16F7-4668-BE54-9A1E7A4F7556}") = "CmlLib.Core.Auth.Microsoft", "CmlLib.Core.Auth.Microsoft\CmlLib.Core.Auth.Microsoft.csproj", "{F040B03A-30EE-4D49-A1BE-2237A647B255}"
EndProject
Project("{9A19103F-16F7-4668-BE54-9A1E7A4F7556}") = "CmlLib.Core.Auth.Microsoft.OAuthServer", "CmlLib.Core.Auth.Microsoft.OAuthServer\CmlLib.Core.Auth.Microsoft.OAuthServer.csproj", "{80E44782-7D1F-47E2-AE30-D6771D3147F2}"
EndProject
Project("{FAE04EC0-301F-11D3-BF4B-00C04F79EFBC}") = "ServerTest", "ServerTest\ServerTest.csproj", "{FCDDFE8E-3A54-401C-9B27-46ACDF0EED98}"
EndProject
Global
	GlobalSection(SolutionConfigurationPlatforms) = preSolution
		Debug|Any CPU = Debug|Any CPU
		Release|Any CPU = Release|Any CPU
	EndGlobalSection
	GlobalSection(ProjectConfigurationPlatforms) = postSolution
		{A7AF65E5-BC6F-49DE-B32B-707199B03089}.Debug|Any CPU.ActiveCfg = Debug|Any CPU
		{A7AF65E5-BC6F-49DE-B32B-707199B03089}.Debug|Any CPU.Build.0 = Debug|Any CPU
		{A7AF65E5-BC6F-49DE-B32B-707199B03089}.Release|Any CPU.ActiveCfg = Release|Any CPU
		{A7AF65E5-BC6F-49DE-B32B-707199B03089}.Release|Any CPU.Build.0 = Release|Any CPU
		{FAD8E33F-E392-4CDC-9F8E-CBA60BB51120}.Debug|Any CPU.ActiveCfg = Debug|Any CPU
		{FAD8E33F-E392-4CDC-9F8E-CBA60BB51120}.Debug|Any CPU.Build.0 = Debug|Any CPU
		{FAD8E33F-E392-4CDC-9F8E-CBA60BB51120}.Release|Any CPU.ActiveCfg = Release|Any CPU
		{FAD8E33F-E392-4CDC-9F8E-CBA60BB51120}.Release|Any CPU.Build.0 = Release|Any CPU
		{BE91328A-4B44-4C56-AB07-5B0D4A4F05E7}.Debug|Any CPU.ActiveCfg = Debug|Any CPU
		{BE91328A-4B44-4C56-AB07-5B0D4A4F05E7}.Debug|Any CPU.Build.0 = Debug|Any CPU
		{BE91328A-4B44-4C56-AB07-5B0D4A4F05E7}.Release|Any CPU.ActiveCfg = Release|Any CPU
		{BE91328A-4B44-4C56-AB07-5B0D4A4F05E7}.Release|Any CPU.Build.0 = Release|Any CPU
		{8979F5B0-F6B5-4B6C-8DE7-1E915FD12B46}.Debug|Any CPU.ActiveCfg = Debug|Any CPU
		{8979F5B0-F6B5-4B6C-8DE7-1E915FD12B46}.Debug|Any CPU.Build.0 = Debug|Any CPU
		{8979F5B0-F6B5-4B6C-8DE7-1E915FD12B46}.Release|Any CPU.ActiveCfg = Release|Any CPU
		{8979F5B0-F6B5-4B6C-8DE7-1E915FD12B46}.Release|Any CPU.Build.0 = Release|Any CPU
		{F040B03A-30EE-4D49-A1BE-2237A647B255}.Debug|Any CPU.ActiveCfg = Debug|Any CPU
		{F040B03A-30EE-4D49-A1BE-2237A647B255}.Debug|Any CPU.Build.0 = Debug|Any CPU
		{F040B03A-30EE-4D49-A1BE-2237A647B255}.Release|Any CPU.ActiveCfg = Release|Any CPU
		{F040B03A-30EE-4D49-A1BE-2237A647B255}.Release|Any CPU.Build.0 = Release|Any CPU
		{80E44782-7D1F-47E2-AE30-D6771D3147F2}.Debug|Any CPU.ActiveCfg = Debug|Any CPU
		{80E44782-7D1F-47E2-AE30-D6771D3147F2}.Debug|Any CPU.Build.0 = Debug|Any CPU
		{80E44782-7D1F-47E2-AE30-D6771D3147F2}.Release|Any CPU.ActiveCfg = Release|Any CPU
		{80E44782-7D1F-47E2-AE30-D6771D3147F2}.Release|Any CPU.Build.0 = Release|Any CPU
		{FCDDFE8E-3A54-401C-9B27-46ACDF0EED98}.Debug|Any CPU.ActiveCfg = Debug|Any CPU
		{FCDDFE8E-3A54-401C-9B27-46ACDF0EED98}.Debug|Any CPU.Build.0 = Debug|Any CPU
		{FCDDFE8E-3A54-401C-9B27-46ACDF0EED98}.Release|Any CPU.ActiveCfg = Release|Any CPU
		{FCDDFE8E-3A54-401C-9B27-46ACDF0EED98}.Release|Any CPU.Build.0 = Release|Any CPU
	EndGlobalSection
	GlobalSection(SolutionProperties) = preSolution
		HideSolutionNode = FALSE
	EndGlobalSection
	GlobalSection(ExtensibilityGlobals) = postSolution
		SolutionGuid = {66BC1413-08D4-48FF-A622-7B7F20B37A11}
	EndGlobalSection
EndGlobal
