
Microsoft Visual Studio Solution File, Format Version 12.00
# Visual Studio Version 17
VisualStudioVersion = 17.0.31912.275
MinimumVisualStudioVersion = 10.0.40219.1
Project("{9A19103F-16F7-4668-BE54-9A1E7A4F7556}") = "CmlLib.Core.Auth.Microsoft.UI.WinForm", "CmlLib.Core.Auth.Microsoft.UI.WinForm\CmlLib.Core.Auth.Microsoft.UI.WinForm.csproj", "{A7AF65E5-BC6F-49DE-B32B-707199B03089}"
EndProject
Project("{9A19103F-16F7-4668-BE54-9A1E7A4F7556}") = "CmlLib.Core.Auth.Microsoft.UI.Wpf", "CmlLib.Core.Auth.Microsoft.UI.Wpf\CmlLib.Core.Auth.Microsoft.UI.Wpf.csproj", "{FAD8E33F-E392-4CDC-9F8E-CBA60BB51120}"
EndProject
Project("{9A19103F-16F7-4668-BE54-9A1E7A4F7556}") = "CmlLib.Core.Auth.Microsoft", "CmlLib.Core.Auth.Microsoft\CmlLib.Core.Auth.Microsoft.csproj", "{F040B03A-30EE-4D49-A1BE-2237A647B255}"
EndProject
Project("{9A19103F-16F7-4668-BE54-9A1E7A4F7556}") = "CmlLib.Core.Auth.Microsoft.MsalClient", "CmlLib.Core.Auth.Microsoft.MsalClient\CmlLib.Core.Auth.Microsoft.MsalClient.csproj", "{8982D8B5-A1F1-4DC9-A715-B589A74467D2}"
EndProject
Project("{9A19103F-16F7-4668-BE54-9A1E7A4F7556}") = "CmlLib.Core.Auth.Microsoft.Test", "CmlLib.Core.Auth.Microsoft.Test\CmlLib.Core.Auth.Microsoft.Test.csproj", "{D5E05450-CFBC-4A04-BAE2-4B3EE7F1B18B}"
EndProject
Project("{2150E333-8FDC-42A3-9474-1A3956D46DE8}") = "samples", "samples", "{716BB31A-5A3F-4011-83A1-6B28BC620E48}"
EndProject
Project("{9A19103F-16F7-4668-BE54-9A1E7A4F7556}") = "MsalClientTest", "samples\MsalClientTest\MsalClientTest.csproj", "{69520A77-11E0-41DF-988A-2CAECDA364FA}"
EndProject
Project("{9A19103F-16F7-4668-BE54-9A1E7A4F7556}") = "WinFormTest", "samples\WinFormTest\WinFormTest.csproj", "{C50A7F0B-3A8F-4834-9C1A-F5FAB671F5E6}"
EndProject
Project("{9A19103F-16F7-4668-BE54-9A1E7A4F7556}") = "WpfTest", "samples\WpfTest\WpfTest.csproj", "{86752823-C9E8-4B14-A670-02F08B6C22C5}"
EndProject
Global
	GlobalSection(SolutionConfigurationPlatforms) = preSolution
		Debug|Any CPU = Debug|Any CPU
		Release|Any CPU = Release|Any CPU
	EndGlobalSection
	GlobalSection(ProjectConfigurationPlatforms) = postSolution
		{A7AF65E5-BC6F-49DE-B32B-707199B03089}.Debug|Any CPU.ActiveCfg = Debug|Any CPU
		{A7AF65E5-BC6F-49DE-B32B-707199B03089}.Debug|Any CPU.Build.0 = Debug|Any CPU
		{A7AF65E5-BC6F-49DE-B32B-707199B03089}.Release|Any CPU.ActiveCfg = Release|Any CPU
		{A7AF65E5-BC6F-49DE-B32B-707199B03089}.Release|Any CPU.Build.0 = Release|Any CPU
		{FAD8E33F-E392-4CDC-9F8E-CBA60BB51120}.Debug|Any CPU.ActiveCfg = Debug|Any CPU
		{FAD8E33F-E392-4CDC-9F8E-CBA60BB51120}.Debug|Any CPU.Build.0 = Debug|Any CPU
		{FAD8E33F-E392-4CDC-9F8E-CBA60BB51120}.Release|Any CPU.ActiveCfg = Release|Any CPU
		{FAD8E33F-E392-4CDC-9F8E-CBA60BB51120}.Release|Any CPU.Build.0 = Release|Any CPU
		{F040B03A-30EE-4D49-A1BE-2237A647B255}.Debug|Any CPU.ActiveCfg = Debug|Any CPU
		{F040B03A-30EE-4D49-A1BE-2237A647B255}.Debug|Any CPU.Build.0 = Debug|Any CPU
		{F040B03A-30EE-4D49-A1BE-2237A647B255}.Release|Any CPU.ActiveCfg = Release|Any CPU
		{F040B03A-30EE-4D49-A1BE-2237A647B255}.Release|Any CPU.Build.0 = Release|Any CPU
		{8982D8B5-A1F1-4DC9-A715-B589A74467D2}.Debug|Any CPU.ActiveCfg = Debug|Any CPU
		{8982D8B5-A1F1-4DC9-A715-B589A74467D2}.Debug|Any CPU.Build.0 = Debug|Any CPU
		{8982D8B5-A1F1-4DC9-A715-B589A74467D2}.Release|Any CPU.ActiveCfg = Release|Any CPU
		{8982D8B5-A1F1-4DC9-A715-B589A74467D2}.Release|Any CPU.Build.0 = Release|Any CPU
		{D5E05450-CFBC-4A04-BAE2-4B3EE7F1B18B}.Debug|Any CPU.ActiveCfg = Debug|Any CPU
		{D5E05450-CFBC-4A04-BAE2-4B3EE7F1B18B}.Debug|Any CPU.Build.0 = Debug|Any CPU
		{D5E05450-CFBC-4A04-BAE2-4B3EE7F1B18B}.Release|Any CPU.ActiveCfg = Release|Any CPU
		{D5E05450-CFBC-4A04-BAE2-4B3EE7F1B18B}.Release|Any CPU.Build.0 = Release|Any CPU
		{69520A77-11E0-41DF-988A-2CAECDA364FA}.Debug|Any CPU.ActiveCfg = Debug|Any CPU
		{69520A77-11E0-41DF-988A-2CAECDA364FA}.Debug|Any CPU.Build.0 = Debug|Any CPU
		{69520A77-11E0-41DF-988A-2CAECDA364FA}.Release|Any CPU.ActiveCfg = Release|Any CPU
		{69520A77-11E0-41DF-988A-2CAECDA364FA}.Release|Any CPU.Build.0 = Release|Any CPU
		{C50A7F0B-3A8F-4834-9C1A-F5FAB671F5E6}.Debug|Any CPU.ActiveCfg = Debug|Any CPU
		{C50A7F0B-3A8F-4834-9C1A-F5FAB671F5E6}.Debug|Any CPU.Build.0 = Debug|Any CPU
		{C50A7F0B-3A8F-4834-9C1A-F5FAB671F5E6}.Release|Any CPU.ActiveCfg = Release|Any CPU
		{C50A7F0B-3A8F-4834-9C1A-F5FAB671F5E6}.Release|Any CPU.Build.0 = Release|Any CPU
		{86752823-C9E8-4B14-A670-02F08B6C22C5}.Debug|Any CPU.ActiveCfg = Debug|Any CPU
		{86752823-C9E8-4B14-A670-02F08B6C22C5}.Debug|Any CPU.Build.0 = Debug|Any CPU
		{86752823-C9E8-4B14-A670-02F08B6C22C5}.Release|Any CPU.ActiveCfg = Release|Any CPU
		{86752823-C9E8-4B14-A670-02F08B6C22C5}.Release|Any CPU.Build.0 = Release|Any CPU
	EndGlobalSection
	GlobalSection(SolutionProperties) = preSolution
		HideSolutionNode = FALSE
	EndGlobalSection
	GlobalSection(NestedProjects) = preSolution
		{69520A77-11E0-41DF-988A-2CAECDA364FA} = {716BB31A-5A3F-4011-83A1-6B28BC620E48}
		{C50A7F0B-3A8F-4834-9C1A-F5FAB671F5E6} = {716BB31A-5A3F-4011-83A1-6B28BC620E48}
		{86752823-C9E8-4B14-A670-02F08B6C22C5} = {716BB31A-5A3F-4011-83A1-6B28BC620E48}
	EndGlobalSection
	GlobalSection(ExtensibilityGlobals) = postSolution
		SolutionGuid = {66BC1413-08D4-48FF-A622-7B7F20B37A11}
	EndGlobalSection
EndGlobal
